
Microsoft Visual Studio Solution File, Format Version 12.00
# Visual Studio Version 17
VisualStudioVersion = 17.1.32319.34
MinimumVisualStudioVersion = 10.0.40219.1
Project("{FAE04EC0-301F-11D3-BF4B-00C04F79EFBC}") = "ReceiveSmssSharp", "ReceiveSmssSharp\ReceiveSmssSharp.csproj", "{C71BAA6A-08A5-478C-BEEA-4FE95BDB868B}"
EndProject
Project("{FAE04EC0-301F-11D3-BF4B-00C04F79EFBC}") = "ReceiveSmssSharp.Test", "ReceiveSmssSharp.Test\ReceiveSmssSharp.Test.csproj", "{4E3E97B7-D9CD-40C3-90E0-BCBCE7965A3B}"
EndProject
Global
	GlobalSection(SolutionConfigurationPlatforms) = preSolution
		Debug|Any CPU = Debug|Any CPU
		Release|Any CPU = Release|Any CPU
	EndGlobalSection
	GlobalSection(ProjectConfigurationPlatforms) = postSolution
		{C71BAA6A-08A5-478C-BEEA-4FE95BDB868B}.Debug|Any CPU.ActiveCfg = Debug|Any CPU
		{C71BAA6A-08A5-478C-BEEA-4FE95BDB868B}.Debug|Any CPU.Build.0 = Debug|Any CPU
		{C71BAA6A-08A5-478C-BEEA-4FE95BDB868B}.Release|Any CPU.ActiveCfg = Release|Any CPU
		{C71BAA6A-08A5-478C-BEEA-4FE95BDB868B}.Release|Any CPU.Build.0 = Release|Any CPU
		{4E3E97B7-D9CD-40C3-90E0-BCBCE7965A3B}.Debug|Any CPU.ActiveCfg = Debug|Any CPU
		{4E3E97B7-D9CD-40C3-90E0-BCBCE7965A3B}.Debug|Any CPU.Build.0 = Debug|Any CPU
		{4E3E97B7-D9CD-40C3-90E0-BCBCE7965A3B}.Release|Any CPU.ActiveCfg = Release|Any CPU
		{4E3E97B7-D9CD-40C3-90E0-BCBCE7965A3B}.Release|Any CPU.Build.0 = Release|Any CPU
	EndGlobalSection
	GlobalSection(SolutionProperties) = preSolution
		HideSolutionNode = FALSE
	EndGlobalSection
	GlobalSection(ExtensibilityGlobals) = postSolution
		SolutionGuid = {1FEBC30D-4524-46F2-8D8B-F42C307F4905}
	EndGlobalSection
EndGlobal
